
Microsoft Visual Studio Solution File, Format Version 12.00
# Visual Studio Version 16
VisualStudioVersion = 16.0.30711.63
MinimumVisualStudioVersion = 10.0.40219.1
Project("{FAE04EC0-301F-11D3-BF4B-00C04F79EFBC}") = "MVCReview", "MVCReview.csproj", "{77E12524-8A64-40DB-95B2-D4C3183AA697}"
EndProject
Global
	GlobalSection(SolutionConfigurationPlatforms) = preSolution
		Debug|Any CPU = Debug|Any CPU
		Release|Any CPU = Release|Any CPU
	EndGlobalSection
	GlobalSection(ProjectConfigurationPlatforms) = postSolution
		{77E12524-8A64-40DB-95B2-D4C3183AA697}.Debug|Any CPU.ActiveCfg = Debug|Any CPU
		{77E12524-8A64-40DB-95B2-D4C3183AA697}.Debug|Any CPU.Build.0 = Debug|Any CPU
		{77E12524-8A64-40DB-95B2-D4C3183AA697}.Release|Any CPU.ActiveCfg = Release|Any CPU
		{77E12524-8A64-40DB-95B2-D4C3183AA697}.Release|Any CPU.Build.0 = Release|Any CPU
	EndGlobalSection
	GlobalSection(SolutionProperties) = preSolution
		HideSolutionNode = FALSE
	EndGlobalSection
	GlobalSection(ExtensibilityGlobals) = postSolution
		SolutionGuid = {C25283EC-977B-4CD5-8DD0-6217D1B54885}
	EndGlobalSection
EndGlobal
